{
  "name": "minecraft-data-generator",
  "version": "0.0.1",
  "lockfileVersion": 2,
  "requires": true,
  "packages": {
    "": {
      "name": "minecraft-data-generator",
      "version": "0.0.1",
      "license": "MIT",
      "dependencies": {
        "void-list": "^1.1.1"
      }
    },
    "node_modules/void-list": {
      "version": "1.1.1",
      "resolved": "https://registry.npmjs.org/void-list/-/void-list-1.1.1.tgz",
      "integrity": "sha512-cS6wQqBN91ylja60E2x2MlZkC7cubbF/N4cDY2XizPVvQ2LOTgadaKqYv2Jn0bvGkqn7MwXPMhrd9CnU/Tn08g=="
    }
  },
  "dependencies": {
    "void-list": {
      "version": "1.1.1",
      "resolved": "https://registry.npmjs.org/void-list/-/void-list-1.1.1.tgz",
      "integrity": "sha512-cS6wQqBN91ylja60E2x2MlZkC7cubbF/N4cDY2XizPVvQ2LOTgadaKqYv2Jn0bvGkqn7MwXPMhrd9CnU/Tn08g=="
    }
  }
}
